
Microsoft Visual Studio Solution File, Format Version 12.00
# Visual Studio 2013
VisualStudioVersion = 12.0.40629.0
MinimumVisualStudioVersion = 10.0.40219.1
Project("{FAE04EC0-301F-11D3-BF4B-00C04F79EFBC}") = "GettingStarted", "GettingStarted\GettingStarted.csproj", "{15543100-476C-461A-A91F-A10A93655727}"
EndProject
Project("{FAE04EC0-301F-11D3-BF4B-00C04F79EFBC}") = "Sandbox", "Sandbox\Sandbox.csproj", "{ADE68BF4-D2FE-41D4-9D3F-0B22F670620A}"
EndProject
Project("{FAE04EC0-301F-11D3-BF4B-00C04F79EFBC}") = "Autofac.CqrsModules", "Autofac.CqrsModules\Autofac.CqrsModules.csproj", "{D9C494F6-2D58-41B6-8633-9EF176CDB09F}"
EndProject
Project("{FAE04EC0-301F-11D3-BF4B-00C04F79EFBC}") = "Autofac.CqrsModules.Specs", "Autofac.CqrsModules.Specs\Autofac.CqrsModules.Specs.csproj", "{44DA5463-3762-4AF6-87E3-547AE24D7BC2}"
EndProject
Global
	GlobalSection(SolutionConfigurationPlatforms) = preSolution
		Debug|Any CPU = Debug|Any CPU
		Release|Any CPU = Release|Any CPU
	EndGlobalSection
	GlobalSection(ProjectConfigurationPlatforms) = postSolution
		{15543100-476C-461A-A91F-A10A93655727}.Debug|Any CPU.ActiveCfg = Debug|Any CPU
		{15543100-476C-461A-A91F-A10A93655727}.Debug|Any CPU.Build.0 = Debug|Any CPU
		{15543100-476C-461A-A91F-A10A93655727}.Release|Any CPU.ActiveCfg = Release|Any CPU
		{15543100-476C-461A-A91F-A10A93655727}.Release|Any CPU.Build.0 = Release|Any CPU
		{ADE68BF4-D2FE-41D4-9D3F-0B22F670620A}.Debug|Any CPU.ActiveCfg = Debug|Any CPU
		{ADE68BF4-D2FE-41D4-9D3F-0B22F670620A}.Debug|Any CPU.Build.0 = Debug|Any CPU
		{ADE68BF4-D2FE-41D4-9D3F-0B22F670620A}.Release|Any CPU.ActiveCfg = Release|Any CPU
		{ADE68BF4-D2FE-41D4-9D3F-0B22F670620A}.Release|Any CPU.Build.0 = Release|Any CPU
		{D9C494F6-2D58-41B6-8633-9EF176CDB09F}.Debug|Any CPU.ActiveCfg = Debug|Any CPU
		{D9C494F6-2D58-41B6-8633-9EF176CDB09F}.Debug|Any CPU.Build.0 = Debug|Any CPU
		{D9C494F6-2D58-41B6-8633-9EF176CDB09F}.Release|Any CPU.ActiveCfg = Release|Any CPU
		{D9C494F6-2D58-41B6-8633-9EF176CDB09F}.Release|Any CPU.Build.0 = Release|Any CPU
		{44DA5463-3762-4AF6-87E3-547AE24D7BC2}.Debug|Any CPU.ActiveCfg = Debug|Any CPU
		{44DA5463-3762-4AF6-87E3-547AE24D7BC2}.Debug|Any CPU.Build.0 = Debug|Any CPU
		{44DA5463-3762-4AF6-87E3-547AE24D7BC2}.Release|Any CPU.ActiveCfg = Release|Any CPU
		{44DA5463-3762-4AF6-87E3-547AE24D7BC2}.Release|Any CPU.Build.0 = Release|Any CPU
	EndGlobalSection
	GlobalSection(SolutionProperties) = preSolution
		HideSolutionNode = FALSE
	EndGlobalSection
EndGlobal
